
Microsoft Visual Studio Solution File, Format Version 12.00
# Visual Studio Version 16
VisualStudioVersion = 16.0.32126.315
MinimumVisualStudioVersion = 10.0.40219.1
Project("{FAE04EC0-301F-11D3-BF4B-00C04F79EFBC}") = "IliaCodeExam.Api", "IliaCodeExam.Api.csproj", "{C04CFB26-F441-4824-8469-895B588EC0BD}"
EndProject
Project("{2150E333-8FDC-42A3-9474-1A3956D46DE8}") = "src", "src", "{7E9E9CE3-5FA8-4713-A6E1-539763E75158}"
EndProject
Project("{FAE04EC0-301F-11D3-BF4B-00C04F79EFBC}") = "IliaTestExam.Borders", "..\iliaTestExam.Bordera\IliaTestExam.Borders.csproj", "{AD0DACB6-74E1-4420-AB0B-6936EDCE4A9F}"
EndProject
Global
	GlobalSection(SolutionConfigurationPlatforms) = preSolution
		Debug|Any CPU = Debug|Any CPU
		Release|Any CPU = Release|Any CPU
	EndGlobalSection
	GlobalSection(ProjectConfigurationPlatforms) = postSolution
		{C04CFB26-F441-4824-8469-895B588EC0BD}.Debug|Any CPU.ActiveCfg = Debug|Any CPU
		{C04CFB26-F441-4824-8469-895B588EC0BD}.Debug|Any CPU.Build.0 = Debug|Any CPU
		{C04CFB26-F441-4824-8469-895B588EC0BD}.Release|Any CPU.ActiveCfg = Release|Any CPU
		{C04CFB26-F441-4824-8469-895B588EC0BD}.Release|Any CPU.Build.0 = Release|Any CPU
		{AD0DACB6-74E1-4420-AB0B-6936EDCE4A9F}.Debug|Any CPU.ActiveCfg = Debug|Any CPU
		{AD0DACB6-74E1-4420-AB0B-6936EDCE4A9F}.Debug|Any CPU.Build.0 = Debug|Any CPU
		{AD0DACB6-74E1-4420-AB0B-6936EDCE4A9F}.Release|Any CPU.ActiveCfg = Release|Any CPU
		{AD0DACB6-74E1-4420-AB0B-6936EDCE4A9F}.Release|Any CPU.Build.0 = Release|Any CPU
	EndGlobalSection
	GlobalSection(SolutionProperties) = preSolution
		HideSolutionNode = FALSE
	EndGlobalSection
	GlobalSection(NestedProjects) = preSolution
		{C04CFB26-F441-4824-8469-895B588EC0BD} = {7E9E9CE3-5FA8-4713-A6E1-539763E75158}
		{AD0DACB6-74E1-4420-AB0B-6936EDCE4A9F} = {7E9E9CE3-5FA8-4713-A6E1-539763E75158}
	EndGlobalSection
	GlobalSection(ExtensibilityGlobals) = postSolution
		SolutionGuid = {8476DFE6-9BE5-43D7-ADA9-8C41D93F4F4D}
	EndGlobalSection
EndGlobal
